
Microsoft Visual Studio Solution File, Format Version 12.00
# Visual Studio Version 16
VisualStudioVersion = 16.0.31112.23
MinimumVisualStudioVersion = 10.0.40219.1
Project("{FAE04EC0-301F-11D3-BF4B-00C04F79EFBC}") = "ITEC_WebApp", "ITEC_WebApp\ITEC_WebApp.csproj", "{42591F7B-5F43-4B0B-BFBC-747F88505C0D}"
EndProject
Global
	GlobalSection(SolutionConfigurationPlatforms) = preSolution
		Debug|Any CPU = Debug|Any CPU
		Release|Any CPU = Release|Any CPU
	EndGlobalSection
	GlobalSection(ProjectConfigurationPlatforms) = postSolution
		{42591F7B-5F43-4B0B-BFBC-747F88505C0D}.Debug|Any CPU.ActiveCfg = Debug|Any CPU
		{42591F7B-5F43-4B0B-BFBC-747F88505C0D}.Debug|Any CPU.Build.0 = Debug|Any CPU
		{42591F7B-5F43-4B0B-BFBC-747F88505C0D}.Release|Any CPU.ActiveCfg = Release|Any CPU
		{42591F7B-5F43-4B0B-BFBC-747F88505C0D}.Release|Any CPU.Build.0 = Release|Any CPU
	EndGlobalSection
	GlobalSection(SolutionProperties) = preSolution
		HideSolutionNode = FALSE
	EndGlobalSection
	GlobalSection(ExtensibilityGlobals) = postSolution
		SolutionGuid = {D7FE9814-DDB7-4F1C-BA59-25C254F805DA}
	EndGlobalSection
EndGlobal
